
Microsoft Visual Studio Solution File, Format Version 9.00
# Visual Studio 2005
# SharpDevelop 2.1.0.2201
Project("{FAE04EC0-301F-11D3-BF4B-00C04F79EFBC}") = "ProjectGBA", "ProjectGBA.csproj", "{F3EDA0FD-FF08-43C6-A8F8-98BF7791A0C6}"
EndProject
Global
	GlobalSection(SolutionConfigurationPlatforms) = preSolution
		Debug|Any CPU = Debug|Any CPU
		Release|Any CPU = Release|Any CPU
	EndGlobalSection
	GlobalSection(ProjectConfigurationPlatforms) = postSolution
		{F3EDA0FD-FF08-43C6-A8F8-98BF7791A0C6}.Debug|Any CPU.Build.0 = Debug|Any CPU
		{F3EDA0FD-FF08-43C6-A8F8-98BF7791A0C6}.Debug|Any CPU.ActiveCfg = Debug|Any CPU
		{F3EDA0FD-FF08-43C6-A8F8-98BF7791A0C6}.Release|Any CPU.Build.0 = Release|Any CPU
		{F3EDA0FD-FF08-43C6-A8F8-98BF7791A0C6}.Release|Any CPU.ActiveCfg = Release|Any CPU
	EndGlobalSection
EndGlobal
